
Microsoft Visual Studio Solution File, Format Version 12.00
# Visual Studio Version 17
VisualStudioVersion = 17.0.31903.59
MinimumVisualStudioVersion = 10.0.40219.1
Project("{2150E333-8FDC-42A3-9474-1A3956D46DE8}") = "src", "src", "{827E0CD3-B72D-47B6-A68D-7590B98EB39B}"
EndProject
Project("{FAE04EC0-301F-11D3-BF4B-00C04F79EFBC}") = "NewsletterPlatform.Domain", "src\NewsletterPlatform.Domain\NewsletterPlatform.Domain.csproj", "{39AC4290-5DF8-4AFC-86D9-5B2B5F6A25F2}"
EndProject
Project("{FAE04EC0-301F-11D3-BF4B-00C04F79EFBC}") = "NewsletterPlatform.Application", "src\NewsletterPlatform.Application\NewsletterPlatform.Application.csproj", "{8B1D9837-A42C-4946-93CB-6D687A1DFA3D}"
EndProject
Project("{FAE04EC0-301F-11D3-BF4B-00C04F79EFBC}") = "NewsletterPlatform.Infrastructure", "src\NewsletterPlatform.Infrastructure\NewsletterPlatform.Infrastructure.csproj", "{472AC5E4-4D82-4F2E-9803-CF015123B594}"
EndProject
Project("{FAE04EC0-301F-11D3-BF4B-00C04F79EFBC}") = "NewsletterPlatform.Api", "src\NewsletterPlatform.Api\NewsletterPlatform.Api.csproj", "{F3C432C7-7481-4E5A-9030-D50E73142EAC}"
EndProject
Project("{2150E333-8FDC-42A3-9474-1A3956D46DE8}") = "tests", "tests", "{0AB3BF05-4346-4AA6-1389-037BE0695223}"
EndProject
Project("{FAE04EC0-301F-11D3-BF4B-00C04F79EFBC}") = "NewsletterPlatform.Tests", "tests\NewsletterPlatform.Tests\NewsletterPlatform.Tests.csproj", "{48FB6E13-C159-46F8-9CAC-68772F015D00}"
EndProject
Global
	GlobalSection(SolutionConfigurationPlatforms) = preSolution
		Debug|Any CPU = Debug|Any CPU
		Debug|x64 = Debug|x64
		Debug|x86 = Debug|x86
		Release|Any CPU = Release|Any CPU
		Release|x64 = Release|x64
		Release|x86 = Release|x86
	EndGlobalSection
	GlobalSection(ProjectConfigurationPlatforms) = postSolution
		{39AC4290-5DF8-4AFC-86D9-5B2B5F6A25F2}.Debug|Any CPU.ActiveCfg = Debug|Any CPU
		{39AC4290-5DF8-4AFC-86D9-5B2B5F6A25F2}.Debug|Any CPU.Build.0 = Debug|Any CPU
		{39AC4290-5DF8-4AFC-86D9-5B2B5F6A25F2}.Debug|x64.ActiveCfg = Debug|Any CPU
		{39AC4290-5DF8-4AFC-86D9-5B2B5F6A25F2}.Debug|x64.Build.0 = Debug|Any CPU
		{39AC4290-5DF8-4AFC-86D9-5B2B5F6A25F2}.Debug|x86.ActiveCfg = Debug|Any CPU
		{39AC4290-5DF8-4AFC-86D9-5B2B5F6A25F2}.Debug|x86.Build.0 = Debug|Any CPU
		{39AC4290-5DF8-4AFC-86D9-5B2B5F6A25F2}.Release|Any CPU.ActiveCfg = Release|Any CPU
		{39AC4290-5DF8-4AFC-86D9-5B2B5F6A25F2}.Release|Any CPU.Build.0 = Release|Any CPU
		{39AC4290-5DF8-4AFC-86D9-5B2B5F6A25F2}.Release|x64.ActiveCfg = Release|Any CPU
		{39AC4290-5DF8-4AFC-86D9-5B2B5F6A25F2}.Release|x64.Build.0 = Release|Any CPU
		{39AC4290-5DF8-4AFC-86D9-5B2B5F6A25F2}.Release|x86.ActiveCfg = Release|Any CPU
		{39AC4290-5DF8-4AFC-86D9-5B2B5F6A25F2}.Release|x86.Build.0 = Release|Any CPU
		{8B1D9837-A42C-4946-93CB-6D687A1DFA3D}.Debug|Any CPU.ActiveCfg = Debug|Any CPU
		{8B1D9837-A42C-4946-93CB-6D687A1DFA3D}.Debug|Any CPU.Build.0 = Debug|Any CPU
		{8B1D9837-A42C-4946-93CB-6D687A1DFA3D}.Debug|x64.ActiveCfg = Debug|Any CPU
		{8B1D9837-A42C-4946-93CB-6D687A1DFA3D}.Debug|x64.Build.0 = Debug|Any CPU
		{8B1D9837-A42C-4946-93CB-6D687A1DFA3D}.Debug|x86.ActiveCfg = Debug|Any CPU
		{8B1D9837-A42C-4946-93CB-6D687A1DFA3D}.Debug|x86.Build.0 = Debug|Any CPU
		{8B1D9837-A42C-4946-93CB-6D687A1DFA3D}.Release|Any CPU.ActiveCfg = Release|Any CPU
		{8B1D9837-A42C-4946-93CB-6D687A1DFA3D}.Release|Any CPU.Build.0 = Release|Any CPU
		{8B1D9837-A42C-4946-93CB-6D687A1DFA3D}.Release|x64.ActiveCfg = Release|Any CPU
		{8B1D9837-A42C-4946-93CB-6D687A1DFA3D}.Release|x64.Build.0 = Release|Any CPU
		{8B1D9837-A42C-4946-93CB-6D687A1DFA3D}.Release|x86.ActiveCfg = Release|Any CPU
		{8B1D9837-A42C-4946-93CB-6D687A1DFA3D}.Release|x86.Build.0 = Release|Any CPU
		{472AC5E4-4D82-4F2E-9803-CF015123B594}.Debug|Any CPU.ActiveCfg = Debug|Any CPU
		{472AC5E4-4D82-4F2E-9803-CF015123B594}.Debug|Any CPU.Build.0 = Debug|Any CPU
		{472AC5E4-4D82-4F2E-9803-CF015123B594}.Debug|x64.ActiveCfg = Debug|Any CPU
		{472AC5E4-4D82-4F2E-9803-CF015123B594}.Debug|x64.Build.0 = Debug|Any CPU
		{472AC5E4-4D82-4F2E-9803-CF015123B594}.Debug|x86.ActiveCfg = Debug|Any CPU
		{472AC5E4-4D82-4F2E-9803-CF015123B594}.Debug|x86.Build.0 = Debug|Any CPU
		{472AC5E4-4D82-4F2E-9803-CF015123B594}.Release|Any CPU.ActiveCfg = Release|Any CPU
		{472AC5E4-4D82-4F2E-9803-CF015123B594}.Release|Any CPU.Build.0 = Release|Any CPU
		{472AC5E4-4D82-4F2E-9803-CF015123B594}.Release|x64.ActiveCfg = Release|Any CPU
		{472AC5E4-4D82-4F2E-9803-CF015123B594}.Release|x64.Build.0 = Release|Any CPU
		{472AC5E4-4D82-4F2E-9803-CF015123B594}.Release|x86.ActiveCfg = Release|Any CPU
		{472AC5E4-4D82-4F2E-9803-CF015123B594}.Release|x86.Build.0 = Release|Any CPU
		{F3C432C7-7481-4E5A-9030-D50E73142EAC}.Debug|Any CPU.ActiveCfg = Debug|Any CPU
		{F3C432C7-7481-4E5A-9030-D50E73142EAC}.Debug|Any CPU.Build.0 = Debug|Any CPU
		{F3C432C7-7481-4E5A-9030-D50E73142EAC}.Debug|x64.ActiveCfg = Debug|Any CPU
		{F3C432C7-7481-4E5A-9030-D50E73142EAC}.Debug|x64.Build.0 = Debug|Any CPU
		{F3C432C7-7481-4E5A-9030-D50E73142EAC}.Debug|x86.ActiveCfg = Debug|Any CPU
		{F3C432C7-7481-4E5A-9030-D50E73142EAC}.Debug|x86.Build.0 = Debug|Any CPU
		{F3C432C7-7481-4E5A-9030-D50E73142EAC}.Release|Any CPU.ActiveCfg = Release|Any CPU
		{F3C432C7-7481-4E5A-9030-D50E73142EAC}.Release|Any CPU.Build.0 = Release|Any CPU
		{F3C432C7-7481-4E5A-9030-D50E73142EAC}.Release|x64.ActiveCfg = Release|Any CPU
		{F3C432C7-7481-4E5A-9030-D50E73142EAC}.Release|x64.Build.0 = Release|Any CPU
		{F3C432C7-7481-4E5A-9030-D50E73142EAC}.Release|x86.ActiveCfg = Release|Any CPU
		{F3C432C7-7481-4E5A-9030-D50E73142EAC}.Release|x86.Build.0 = Release|Any CPU
		{48FB6E13-C159-46F8-9CAC-68772F015D00}.Debug|Any CPU.ActiveCfg = Debug|Any CPU
		{48FB6E13-C159-46F8-9CAC-68772F015D00}.Debug|Any CPU.Build.0 = Debug|Any CPU
		{48FB6E13-C159-46F8-9CAC-68772F015D00}.Debug|x64.ActiveCfg = Debug|Any CPU
		{48FB6E13-C159-46F8-9CAC-68772F015D00}.Debug|x64.Build.0 = Debug|Any CPU
		{48FB6E13-C159-46F8-9CAC-68772F015D00}.Debug|x86.ActiveCfg = Debug|Any CPU
		{48FB6E13-C159-46F8-9CAC-68772F015D00}.Debug|x86.Build.0 = Debug|Any CPU
		{48FB6E13-C159-46F8-9CAC-68772F015D00}.Release|Any CPU.ActiveCfg = Release|Any CPU
		{48FB6E13-C159-46F8-9CAC-68772F015D00}.Release|Any CPU.Build.0 = Release|Any CPU
		{48FB6E13-C159-46F8-9CAC-68772F015D00}.Release|x64.ActiveCfg = Release|Any CPU
		{48FB6E13-C159-46F8-9CAC-68772F015D00}.Release|x64.Build.0 = Release|Any CPU
		{48FB6E13-C159-46F8-9CAC-68772F015D00}.Release|x86.ActiveCfg = Release|Any CPU
		{48FB6E13-C159-46F8-9CAC-68772F015D00}.Release|x86.Build.0 = Release|Any CPU
	EndGlobalSection
	GlobalSection(SolutionProperties) = preSolution
		HideSolutionNode = FALSE
	EndGlobalSection
	GlobalSection(NestedProjects) = preSolution
		{39AC4290-5DF8-4AFC-86D9-5B2B5F6A25F2} = {827E0CD3-B72D-47B6-A68D-7590B98EB39B}
		{8B1D9837-A42C-4946-93CB-6D687A1DFA3D} = {827E0CD3-B72D-47B6-A68D-7590B98EB39B}
		{472AC5E4-4D82-4F2E-9803-CF015123B594} = {827E0CD3-B72D-47B6-A68D-7590B98EB39B}
		{F3C432C7-7481-4E5A-9030-D50E73142EAC} = {827E0CD3-B72D-47B6-A68D-7590B98EB39B}
		{48FB6E13-C159-46F8-9CAC-68772F015D00} = {0AB3BF05-4346-4AA6-1389-037BE0695223}
	EndGlobalSection
EndGlobal
